
Microsoft Visual Studio Solution File, Format Version 12.00
# Visual Studio Version 17
VisualStudioVersion = 17.5.33424.131
MinimumVisualStudioVersion = 10.0.40219.1
Project("{FAE04EC0-301F-11D3-BF4B-00C04F79EFBC}") = "robo tupiniquim", "robo tupiniquim\robo tupiniquim.csproj", "{1E64AE81-399D-4F4B-83E7-87A3A8A53A16}"
EndProject
Global
	GlobalSection(SolutionConfigurationPlatforms) = preSolution
		Debug|Any CPU = Debug|Any CPU
		Release|Any CPU = Release|Any CPU
	EndGlobalSection
	GlobalSection(ProjectConfigurationPlatforms) = postSolution
		{1E64AE81-399D-4F4B-83E7-87A3A8A53A16}.Debug|Any CPU.ActiveCfg = Debug|Any CPU
		{1E64AE81-399D-4F4B-83E7-87A3A8A53A16}.Debug|Any CPU.Build.0 = Debug|Any CPU
		{1E64AE81-399D-4F4B-83E7-87A3A8A53A16}.Release|Any CPU.ActiveCfg = Release|Any CPU
		{1E64AE81-399D-4F4B-83E7-87A3A8A53A16}.Release|Any CPU.Build.0 = Release|Any CPU
	EndGlobalSection
	GlobalSection(SolutionProperties) = preSolution
		HideSolutionNode = FALSE
	EndGlobalSection
	GlobalSection(ExtensibilityGlobals) = postSolution
		SolutionGuid = {725F10CE-85F7-4D67-8081-A83303C66DB5}
	EndGlobalSection
EndGlobal
