
Microsoft Visual Studio Solution File, Format Version 12.00
# Visual Studio Version 17
VisualStudioVersion = 17.5.33424.131
MinimumVisualStudioVersion = 10.0.40219.1
Project("{FAE04EC0-301F-11D3-BF4B-00C04F79EFBC}") = "exercicio5", "exercicio5\exercicio5.csproj", "{BD347C29-9532-4887-9ACD-3A36B5A85E34}"
EndProject
Project("{FAE04EC0-301F-11D3-BF4B-00C04F79EFBC}") = "exercicio1", "..\exercicio1\exercicio1\exercicio1.csproj", "{598B503A-88D8-4737-A502-4E0EC4029191}"
EndProject
Project("{FAE04EC0-301F-11D3-BF4B-00C04F79EFBC}") = "exercicio2", "..\exercicio2\exercicios\exercicio2.csproj", "{7F4E9A3C-A4E7-4203-8108-3A3173F77AEB}"
EndProject
Project("{FAE04EC0-301F-11D3-BF4B-00C04F79EFBC}") = "exercicio3", "..\exercicio3\exercicio3.csproj", "{AFB113EF-DD46-470C-8E68-9A089C6DB685}"
EndProject
Project("{FAE04EC0-301F-11D3-BF4B-00C04F79EFBC}") = "exercicio4", "..\exercicio4\exercicio4.csproj", "{EDE15BE3-1A85-4E0E-A3FE-F49A8C5914A6}"
EndProject
Project("{FAE04EC0-301F-11D3-BF4B-00C04F79EFBC}") = "exercicio6", "..\exercicio6\exercicio6.csproj", "{E210B9D8-A33F-4B8A-B33C-FE3571E97D8A}"
EndProject
Project("{FAE04EC0-301F-11D3-BF4B-00C04F79EFBC}") = "exercicio7", "exercicio7\exercicio7.csproj", "{7303F410-AB81-4346-878A-18DA3168B5D4}"
EndProject
Project("{FAE04EC0-301F-11D3-BF4B-00C04F79EFBC}") = "exercicio8", "..\exercicio8\exercicio8.csproj", "{AC74CADA-0075-40D4-8413-5ABBC6450B03}"
EndProject
Project("{FAE04EC0-301F-11D3-BF4B-00C04F79EFBC}") = "exercicio9", "..\exercicio9\exercicio9.csproj", "{B164526F-205C-4DEB-9C7A-FD23B477D55E}"
EndProject
Project("{FAE04EC0-301F-11D3-BF4B-00C04F79EFBC}") = "exercicio 10", "..\exercicio10\exercicio 10.csproj", "{3A8E5D9E-FF99-48EC-8F7A-BEFC7031ACC4}"
EndProject
Project("{2150E333-8FDC-42A3-9474-1A3956D46DE8}") = "ListaExercicio01", "ListaExercicio01", "{164297C4-DDCA-40B8-B700-932B95B7668B}"
EndProject
Global
	GlobalSection(SolutionConfigurationPlatforms) = preSolution
		Debug|Any CPU = Debug|Any CPU
		Release|Any CPU = Release|Any CPU
	EndGlobalSection
	GlobalSection(ProjectConfigurationPlatforms) = postSolution
		{BD347C29-9532-4887-9ACD-3A36B5A85E34}.Debug|Any CPU.ActiveCfg = Debug|Any CPU
		{BD347C29-9532-4887-9ACD-3A36B5A85E34}.Debug|Any CPU.Build.0 = Debug|Any CPU
		{BD347C29-9532-4887-9ACD-3A36B5A85E34}.Release|Any CPU.ActiveCfg = Release|Any CPU
		{BD347C29-9532-4887-9ACD-3A36B5A85E34}.Release|Any CPU.Build.0 = Release|Any CPU
		{598B503A-88D8-4737-A502-4E0EC4029191}.Debug|Any CPU.ActiveCfg = Debug|Any CPU
		{598B503A-88D8-4737-A502-4E0EC4029191}.Debug|Any CPU.Build.0 = Debug|Any CPU
		{598B503A-88D8-4737-A502-4E0EC4029191}.Release|Any CPU.ActiveCfg = Release|Any CPU
		{598B503A-88D8-4737-A502-4E0EC4029191}.Release|Any CPU.Build.0 = Release|Any CPU
		{7F4E9A3C-A4E7-4203-8108-3A3173F77AEB}.Debug|Any CPU.ActiveCfg = Debug|Any CPU
		{7F4E9A3C-A4E7-4203-8108-3A3173F77AEB}.Debug|Any CPU.Build.0 = Debug|Any CPU
		{7F4E9A3C-A4E7-4203-8108-3A3173F77AEB}.Release|Any CPU.ActiveCfg = Release|Any CPU
		{7F4E9A3C-A4E7-4203-8108-3A3173F77AEB}.Release|Any CPU.Build.0 = Release|Any CPU
		{AFB113EF-DD46-470C-8E68-9A089C6DB685}.Debug|Any CPU.ActiveCfg = Debug|Any CPU
		{AFB113EF-DD46-470C-8E68-9A089C6DB685}.Debug|Any CPU.Build.0 = Debug|Any CPU
		{AFB113EF-DD46-470C-8E68-9A089C6DB685}.Release|Any CPU.ActiveCfg = Release|Any CPU
		{AFB113EF-DD46-470C-8E68-9A089C6DB685}.Release|Any CPU.Build.0 = Release|Any CPU
		{EDE15BE3-1A85-4E0E-A3FE-F49A8C5914A6}.Debug|Any CPU.ActiveCfg = Debug|Any CPU
		{EDE15BE3-1A85-4E0E-A3FE-F49A8C5914A6}.Debug|Any CPU.Build.0 = Debug|Any CPU
		{EDE15BE3-1A85-4E0E-A3FE-F49A8C5914A6}.Release|Any CPU.ActiveCfg = Release|Any CPU
		{EDE15BE3-1A85-4E0E-A3FE-F49A8C5914A6}.Release|Any CPU.Build.0 = Release|Any CPU
		{E210B9D8-A33F-4B8A-B33C-FE3571E97D8A}.Debug|Any CPU.ActiveCfg = Debug|Any CPU
		{E210B9D8-A33F-4B8A-B33C-FE3571E97D8A}.Debug|Any CPU.Build.0 = Debug|Any CPU
		{E210B9D8-A33F-4B8A-B33C-FE3571E97D8A}.Release|Any CPU.ActiveCfg = Release|Any CPU
		{E210B9D8-A33F-4B8A-B33C-FE3571E97D8A}.Release|Any CPU.Build.0 = Release|Any CPU
		{7303F410-AB81-4346-878A-18DA3168B5D4}.Debug|Any CPU.ActiveCfg = Debug|Any CPU
		{7303F410-AB81-4346-878A-18DA3168B5D4}.Debug|Any CPU.Build.0 = Debug|Any CPU
		{7303F410-AB81-4346-878A-18DA3168B5D4}.Release|Any CPU.ActiveCfg = Release|Any CPU
		{7303F410-AB81-4346-878A-18DA3168B5D4}.Release|Any CPU.Build.0 = Release|Any CPU
		{AC74CADA-0075-40D4-8413-5ABBC6450B03}.Debug|Any CPU.ActiveCfg = Debug|Any CPU
		{AC74CADA-0075-40D4-8413-5ABBC6450B03}.Debug|Any CPU.Build.0 = Debug|Any CPU
		{AC74CADA-0075-40D4-8413-5ABBC6450B03}.Release|Any CPU.ActiveCfg = Release|Any CPU
		{AC74CADA-0075-40D4-8413-5ABBC6450B03}.Release|Any CPU.Build.0 = Release|Any CPU
		{B164526F-205C-4DEB-9C7A-FD23B477D55E}.Debug|Any CPU.ActiveCfg = Debug|Any CPU
		{B164526F-205C-4DEB-9C7A-FD23B477D55E}.Debug|Any CPU.Build.0 = Debug|Any CPU
		{B164526F-205C-4DEB-9C7A-FD23B477D55E}.Release|Any CPU.ActiveCfg = Release|Any CPU
		{B164526F-205C-4DEB-9C7A-FD23B477D55E}.Release|Any CPU.Build.0 = Release|Any CPU
		{3A8E5D9E-FF99-48EC-8F7A-BEFC7031ACC4}.Debug|Any CPU.ActiveCfg = Debug|Any CPU
		{3A8E5D9E-FF99-48EC-8F7A-BEFC7031ACC4}.Debug|Any CPU.Build.0 = Debug|Any CPU
		{3A8E5D9E-FF99-48EC-8F7A-BEFC7031ACC4}.Release|Any CPU.ActiveCfg = Release|Any CPU
		{3A8E5D9E-FF99-48EC-8F7A-BEFC7031ACC4}.Release|Any CPU.Build.0 = Release|Any CPU
	EndGlobalSection
	GlobalSection(SolutionProperties) = preSolution
		HideSolutionNode = FALSE
	EndGlobalSection
	GlobalSection(NestedProjects) = preSolution
		{BD347C29-9532-4887-9ACD-3A36B5A85E34} = {164297C4-DDCA-40B8-B700-932B95B7668B}
		{598B503A-88D8-4737-A502-4E0EC4029191} = {164297C4-DDCA-40B8-B700-932B95B7668B}
		{7F4E9A3C-A4E7-4203-8108-3A3173F77AEB} = {164297C4-DDCA-40B8-B700-932B95B7668B}
		{AFB113EF-DD46-470C-8E68-9A089C6DB685} = {164297C4-DDCA-40B8-B700-932B95B7668B}
		{EDE15BE3-1A85-4E0E-A3FE-F49A8C5914A6} = {164297C4-DDCA-40B8-B700-932B95B7668B}
		{E210B9D8-A33F-4B8A-B33C-FE3571E97D8A} = {164297C4-DDCA-40B8-B700-932B95B7668B}
		{7303F410-AB81-4346-878A-18DA3168B5D4} = {164297C4-DDCA-40B8-B700-932B95B7668B}
		{AC74CADA-0075-40D4-8413-5ABBC6450B03} = {164297C4-DDCA-40B8-B700-932B95B7668B}
		{B164526F-205C-4DEB-9C7A-FD23B477D55E} = {164297C4-DDCA-40B8-B700-932B95B7668B}
		{3A8E5D9E-FF99-48EC-8F7A-BEFC7031ACC4} = {164297C4-DDCA-40B8-B700-932B95B7668B}
	EndGlobalSection
	GlobalSection(ExtensibilityGlobals) = postSolution
		SolutionGuid = {69F57C07-5027-4718-B1AF-4A150DA4B853}
	EndGlobalSection
EndGlobal
